{
  "nodes": {
    "blueprint": {
      "inputs": {
        "nixpkgs": [
          "llm-agents",
          "nixpkgs"
        ],
        "systems": [
          "llm-agents",
          "systems"
        ]
      },
      "locked": {
        "lastModified": 1771437256,
        "narHash": "sha256-bLqwib+rtyBRRVBWhMuBXPCL/OThfokA+j6+uH7jDGU=",
        "owner": "numtide",
        "repo": "blueprint",
        "rev": "06ee7190dc2620ea98af9eb225aa9627b68b0e33",
        "type": "github"
      },
      "original": {
        "owner": "numtide",
        "repo": "blueprint",
        "type": "github"
      }
    },
    "brew-src": {
      "flake": false,
      "locked": {
        "lastModified": 1769363988,
        "narHash": "sha256-BiGPeulrDVetXP+tjxhMcGLUROZAtZIhU5m4MqawCfM=",
        "owner": "Homebrew",
        "repo": "brew",
        "rev": "d01011cac6d72032c75fd2cd9489909e95d9faf2",
        "type": "github"
      },
      "original": {
        "owner": "Homebrew",
        "ref": "5.0.12",
        "repo": "brew",
        "type": "github"
      }
    },
    "bun2nix": {
      "inputs": {
        "flake-parts": [
          "llm-agents",
          "flake-parts"
        ],
        "import-tree": "import-tree",
        "nixpkgs": [
          "llm-agents",
          "nixpkgs"
        ],
        "systems": [
          "llm-agents",
          "systems"
        ],
        "treefmt-nix": [
          "llm-agents",
          "treefmt-nix"
        ]
      },
      "locked": {
        "lastModified": 1770895533,
        "narHash": "sha256-v3QaK9ugy9bN9RXDnjw0i2OifKmz2NnKM82agtqm/UY=",
        "owner": "nix-community",
        "repo": "bun2nix",
        "rev": "c843f477b15f51151f8c6bcc886954699440a6e1",
        "type": "github"
      },
      "original": {
        "owner": "nix-community",
        "repo": "bun2nix",
        "type": "github"
      }
    },
    "darwin": {
      "inputs": {
        "nixpkgs": [
          "nixpkgs-unstable"
        ]
      },
      "locked": {
        "lastModified": 1773000227,
        "narHash": "sha256-zm3ftUQw0MPumYi91HovoGhgyZBlM4o3Zy0LhPNwzXE=",
        "owner": "LnL7",
        "repo": "nix-darwin",
        "rev": "da529ac9e46f25ed5616fd634079a5f3c579135f",
        "type": "github"
      },
      "original": {
        "owner": "LnL7",
        "repo": "nix-darwin",
        "type": "github"
      }
    },
    "flake-parts": {
      "inputs": {
        "nixpkgs-lib": "nixpkgs-lib"
      },
      "locked": {
        "lastModified": 1772408722,
        "narHash": "sha256-rHuJtdcOjK7rAHpHphUb1iCvgkU3GpfvicLMwwnfMT0=",
        "owner": "hercules-ci",
        "repo": "flake-parts",
        "rev": "f20dc5d9b8027381c474144ecabc9034d6a839a3",
        "type": "github"
      },
      "original": {
        "owner": "hercules-ci",
        "repo": "flake-parts",
        "type": "github"
      }
    },
    "flake-parts_2": {
      "inputs": {
        "nixpkgs-lib": [
          "llm-agents",
          "nixpkgs"
        ]
      },
      "locked": {
        "lastModified": 1772408722,
        "narHash": "sha256-rHuJtdcOjK7rAHpHphUb1iCvgkU3GpfvicLMwwnfMT0=",
        "owner": "hercules-ci",
        "repo": "flake-parts",
        "rev": "f20dc5d9b8027381c474144ecabc9034d6a839a3",
        "type": "github"
      },
      "original": {
        "owner": "hercules-ci",
        "repo": "flake-parts",
        "type": "github"
      }
    },
    "flake-utils": {
      "inputs": {
        "systems": "systems_2"
      },
      "locked": {
        "lastModified": 1731533236,
        "narHash": "sha256-l0KFg5HjrsfsO/JpG+r7fRrqm12kzFHyUHqHCVpMMbI=",
        "owner": "numtide",
        "repo": "flake-utils",
        "rev": "11707dc2f618dd54ca8739b309ec4fc024de578b",
        "type": "github"
      },
      "original": {
        "owner": "numtide",
        "repo": "flake-utils",
        "type": "github"
      }
    },
    "freetype2": {
      "flake": false,
      "locked": {
        "lastModified": 1723459814,
        "narHash": "sha256-4l90lDtpgm5xlh2m7ifrqNy373DTRTULRkAzicrM93c=",
        "owner": "freetype",
        "repo": "freetype",
        "rev": "42608f77f20749dd6ddc9e0536788eaad70ea4b5",
        "type": "github"
      },
      "original": {
        "owner": "freetype",
        "ref": "VER-2-13-3",
        "repo": "freetype",
        "type": "github"
      }
    },
    "harfbuzz": {
      "flake": false,
      "locked": {
        "lastModified": 1747068667,
        "narHash": "sha256-VxN0lsFnW0vHnIXZ806Lg2NU0/ESnE6z249mXPhfas8=",
        "owner": "harfbuzz",
        "repo": "harfbuzz",
        "rev": "33a3f8de60dcad7535f14f07d6710144548853ac",
        "type": "github"
      },
      "original": {
        "owner": "harfbuzz",
        "ref": "11.2.1",
        "repo": "harfbuzz",
        "type": "github"
      }
    },
    "home-manager": {
      "inputs": {
        "nixpkgs": [
          "nixpkgs-unstable"
        ]
      },
      "locked": {
        "lastModified": 1773681856,
        "narHash": "sha256-+bRqxoFCJFO9ZTFhcCkzNXbDT3b8AEk88fyjB7Is6eo=",
        "owner": "nix-community",
        "repo": "home-manager",
        "rev": "57d5560ee92a424fb71fde800acd6ed2c725dfce",
        "type": "github"
      },
      "original": {
        "owner": "nix-community",
        "ref": "master",
        "repo": "home-manager",
        "type": "github"
      }
    },
    "homebrew-bundle": {
      "flake": false,
      "locked": {
        "lastModified": 1745335228,
        "narHash": "sha256-TIKR2UgtyUmHLNZp255/vLs+1I10hXe+sciMEbAGFwE=",
        "owner": "homebrew",
        "repo": "homebrew-bundle",
        "rev": "a3265c84b232e13048ecbf6fc18a2eedfadbeb08",
        "type": "github"
      },
      "original": {
        "owner": "homebrew",
        "repo": "homebrew-bundle",
        "type": "github"
      }
    },
    "homebrew-cask": {
      "flake": false,
      "locked": {
        "lastModified": 1773681104,
        "narHash": "sha256-RFfPP/lM1iedcxtbyNGK7iMfDLawtBUEi2+bGSCQQ7s=",
        "owner": "homebrew",
        "repo": "homebrew-cask",
        "rev": "5d46b19f05347aed5a64a96d89229a8a916f93e8",
        "type": "github"
      },
      "original": {
        "owner": "homebrew",
        "repo": "homebrew-cask",
        "type": "github"
      }
    },
    "homebrew-core": {
      "flake": false,
      "locked": {
        "lastModified": 1773685197,
        "narHash": "sha256-5wEwUvboy7CDznGUv2PA9SkXISZTUHeITVDhgINLHjY=",
        "owner": "homebrew",
        "repo": "homebrew-core",
        "rev": "8693be21c08aef1b7078953eb22b7c067dd674fe",
        "type": "github"
      },
      "original": {
        "owner": "homebrew",
        "repo": "homebrew-core",
        "type": "github"
      }
    },
    "import-tree": {
      "locked": {
        "lastModified": 1763762820,
        "narHash": "sha256-ZvYKbFib3AEwiNMLsejb/CWs/OL/srFQ8AogkebEPF0=",
        "owner": "vic",
        "repo": "import-tree",
        "rev": "3c23749d8013ec6daa1d7255057590e9ca726646",
        "type": "github"
      },
      "original": {
        "owner": "vic",
        "repo": "import-tree",
        "type": "github"
      }
    },
    "libpng": {
      "flake": false,
      "locked": {
        "lastModified": 1726173884,
        "narHash": "sha256-gBfHgGaqVYdmhWXoNKZzPyGzyw2rr3zp+DjWmfC41jk=",
        "owner": "pnggroup",
        "repo": "libpng",
        "rev": "f5e92d76973a7a53f517579bc95d61483bf108c0",
        "type": "github"
      },
      "original": {
        "owner": "pnggroup",
        "ref": "v1.6.44",
        "repo": "libpng",
        "type": "github"
      }
    },
    "llm-agents": {
      "inputs": {
        "blueprint": "blueprint",
        "bun2nix": "bun2nix",
        "flake-parts": "flake-parts_2",
        "nixpkgs": "nixpkgs",
        "systems": "systems",
        "treefmt-nix": "treefmt-nix"
      },
      "locked": {
        "lastModified": 1773673399,
        "narHash": "sha256-JOcnmrHBA2S63kcfu20bEYnpkF0cRYE7BdZs5jMW+sY=",
        "owner": "numtide",
        "repo": "llm-agents.nix",
        "rev": "cc1f5259ec9140bd921fc6070517f334eef36697",
        "type": "github"
      },
      "original": {
        "owner": "numtide",
        "repo": "llm-agents.nix",
        "type": "github"
      }
    },
    "nix-homebrew": {
      "inputs": {
        "brew-src": "brew-src"
      },
      "locked": {
        "lastModified": 1769437432,
        "narHash": "sha256-8d7KnCpT2LweRvSzZYEGd9IM3eFX+A78opcnDM0+ndk=",
        "owner": "zhaofengli-wip",
        "repo": "nix-homebrew",
        "rev": "a5409abd0d5013d79775d3419bcac10eacb9d8c5",
        "type": "github"
      },
      "original": {
        "owner": "zhaofengli-wip",
        "repo": "nix-homebrew",
        "type": "github"
      }
    },
    "nixpkgs": {
      "locked": {
        "lastModified": 1773597492,
        "narHash": "sha256-hQ284SkIeNaeyud+LS0WVLX+WL2rxcVZLFEaK0e03zg=",
        "owner": "NixOS",
        "repo": "nixpkgs",
        "rev": "a07d4ce6bee67d7c838a8a5796e75dff9caa21ef",
        "type": "github"
      },
      "original": {
        "owner": "NixOS",
        "ref": "nixpkgs-unstable",
        "repo": "nixpkgs",
        "type": "github"
      }
    },
    "nixpkgs-lib": {
      "locked": {
        "lastModified": 1772328832,
        "narHash": "sha256-e+/T/pmEkLP6BHhYjx6GmwP5ivonQQn0bJdH9YrRB+Q=",
        "owner": "nix-community",
        "repo": "nixpkgs.lib",
        "rev": "c185c7a5e5dd8f9add5b2f8ebeff00888b070742",
        "type": "github"
      },
      "original": {
        "owner": "nix-community",
        "repo": "nixpkgs.lib",
        "type": "github"
      }
    },
    "nixpkgs-unstable": {
      "locked": {
        "lastModified": 1773597492,
        "narHash": "sha256-hQ284SkIeNaeyud+LS0WVLX+WL2rxcVZLFEaK0e03zg=",
        "owner": "NixOS",
        "repo": "nixpkgs",
        "rev": "a07d4ce6bee67d7c838a8a5796e75dff9caa21ef",
        "type": "github"
      },
      "original": {
        "owner": "NixOS",
        "ref": "nixpkgs-unstable",
        "repo": "nixpkgs",
        "type": "github"
      }
    },
    "nixpkgs_2": {
      "locked": {
        "lastModified": 1767313136,
        "narHash": "sha256-16KkgfdYqjaeRGBaYsNrhPRRENs0qzkQVUooNHtoy2w=",
        "owner": "NixOS",
        "repo": "nixpkgs",
        "rev": "ac62194c3917d5f474c1a844b6fd6da2db95077d",
        "type": "github"
      },
      "original": {
        "owner": "NixOS",
        "ref": "nixos-25.05",
        "repo": "nixpkgs",
        "type": "github"
      }
    },
    "nixpkgs_3": {
      "locked": {
        "lastModified": 1764527385,
        "narHash": "sha256-nA5ywiGKl76atrbdZ5Aucd8SjF/v8ew9b9QsC+MKL14=",
        "owner": "NixOS",
        "repo": "nixpkgs",
        "rev": "23258e03aaa49b3a68597e3e50eb0cbce7e42e9d",
        "type": "github"
      },
      "original": {
        "owner": "NixOS",
        "ref": "nixpkgs-unstable",
        "repo": "nixpkgs",
        "type": "github"
      }
    },
    "root": {
      "inputs": {
        "darwin": "darwin",
        "flake-parts": "flake-parts",
        "home-manager": "home-manager",
        "homebrew-bundle": "homebrew-bundle",
        "homebrew-cask": "homebrew-cask",
        "homebrew-core": "homebrew-core",
        "llm-agents": "llm-agents",
        "nix-homebrew": "nix-homebrew",
        "nixpkgs": "nixpkgs_2",
        "nixpkgs-unstable": "nixpkgs-unstable",
        "wezterm": "wezterm"
      }
    },
    "rust-overlay": {
      "inputs": {
        "nixpkgs": [
          "wezterm",
          "nixpkgs"
        ]
      },
      "locked": {
        "lastModified": 1764470739,
        "narHash": "sha256-sa9f81B1dWO16QtgDTWHX8DQbiHKzHndpaunY5EQtwE=",
        "owner": "oxalica",
        "repo": "rust-overlay",
        "rev": "3bfa664055e1a09c6aedab5533c5fc8d6ca5741a",
        "type": "github"
      },
      "original": {
        "owner": "oxalica",
        "repo": "rust-overlay",
        "type": "github"
      }
    },
    "systems": {
      "locked": {
        "lastModified": 1681028828,
        "narHash": "sha256-Vy1rq5AaRuLzOxct8nz4T6wlgyUR7zLU309k9mBC768=",
        "owner": "nix-systems",
        "repo": "default",
        "rev": "da67096a3b9bf56a91d16901293e51ba5b49a27e",
        "type": "github"
      },
      "original": {
        "owner": "nix-systems",
        "repo": "default",
        "type": "github"
      }
    },
    "systems_2": {
      "locked": {
        "lastModified": 1681028828,
        "narHash": "sha256-Vy1rq5AaRuLzOxct8nz4T6wlgyUR7zLU309k9mBC768=",
        "owner": "nix-systems",
        "repo": "default",
        "rev": "da67096a3b9bf56a91d16901293e51ba5b49a27e",
        "type": "github"
      },
      "original": {
        "owner": "nix-systems",
        "repo": "default",
        "type": "github"
      }
    },
    "treefmt-nix": {
      "inputs": {
        "nixpkgs": [
          "llm-agents",
          "nixpkgs"
        ]
      },
      "locked": {
        "lastModified": 1773297127,
        "narHash": "sha256-6E/yhXP7Oy/NbXtf1ktzmU8SdVqJQ09HC/48ebEGBpk=",
        "owner": "numtide",
        "repo": "treefmt-nix",
        "rev": "71b125cd05fbfd78cab3e070b73544abe24c5016",
        "type": "github"
      },
      "original": {
        "owner": "numtide",
        "repo": "treefmt-nix",
        "type": "github"
      }
    },
    "wezterm": {
      "inputs": {
        "flake-utils": "flake-utils",
        "freetype2": "freetype2",
        "harfbuzz": "harfbuzz",
        "libpng": "libpng",
        "nixpkgs": "nixpkgs_3",
        "rust-overlay": "rust-overlay",
        "zlib": "zlib"
      },
      "locked": {
        "dir": "nix",
        "lastModified": 1768664668,
        "narHash": "sha256-usmXju7tDaJZRicONAX0oduQPkOeahSJPCExuRt6dt4=",
        "owner": "wezterm",
        "repo": "wezterm",
        "rev": "05343b387085842b434d267f91b6b0ec157e4331",
        "type": "github"
      },
      "original": {
        "dir": "nix",
        "owner": "wezterm",
        "repo": "wezterm",
        "type": "github"
      }
    },
    "zlib": {
      "flake": false,
      "locked": {
        "lastModified": 1705948357,
        "narHash": "sha256-TkPLWSN5QcPlL9D0kc/yhH0/puE9bFND24aj5NVDKYs=",
        "owner": "madler",
        "repo": "zlib",
        "rev": "51b7f2abdade71cd9bb0e7a373ef2610ec6f9daf",
        "type": "github"
      },
      "original": {
        "owner": "madler",
        "ref": "v1.3.1",
        "repo": "zlib",
        "type": "github"
      }
    }
  },
  "root": "root",
  "version": 7
}
